
Microsoft Visual Studio Solution File, Format Version 12.00
# Visual Studio Version 17
VisualStudioVersion = 17.10.35027.167
MinimumVisualStudioVersion = 10.0.40219.1
Project("{FAE04EC0-301F-11D3-BF4B-00C04F79EFBC}") = "WPF_credit_depozite1", "WPF_credit_depozite1.csproj", "{E974F8A4-189E-4203-9C49-24F0752843CA}"
EndProject
Global
	GlobalSection(SolutionConfigurationPlatforms) = preSolution
		Debug|Any CPU = Debug|Any CPU
		Release|Any CPU = Release|Any CPU
	EndGlobalSection
	GlobalSection(ProjectConfigurationPlatforms) = postSolution
		{E974F8A4-189E-4203-9C49-24F0752843CA}.Debug|Any CPU.ActiveCfg = Debug|Any CPU
		{E974F8A4-189E-4203-9C49-24F0752843CA}.Debug|Any CPU.Build.0 = Debug|Any CPU
		{E974F8A4-189E-4203-9C49-24F0752843CA}.Release|Any CPU.ActiveCfg = Release|Any CPU
		{E974F8A4-189E-4203-9C49-24F0752843CA}.Release|Any CPU.Build.0 = Release|Any CPU
	EndGlobalSection
	GlobalSection(SolutionProperties) = preSolution
		HideSolutionNode = FALSE
	EndGlobalSection
	GlobalSection(ExtensibilityGlobals) = postSolution
		SolutionGuid = {A192C47C-A3A9-46D2-80D0-18A117E97BC8}
	EndGlobalSection
EndGlobal
